<?xml version="1.0" encoding="utf-8"?>
<Project ToolsVersion="4.0" xmlns="http://schemas.microsoft.com/developer/msbuild/2003">
  <ItemGroup>
    <Filter Include="原始程式檔">
      <UniqueIdentifier>{4FC737F1-C7A5-4376-A066-2A32D752A2FF}</UniqueIdentifier>
      <Extensions>cpp;c;cc;cxx;def;odl;idl;hpj;bat;asm;asmx</Extensions>
    </Filter>
    <Filter Include="標頭檔">
      <UniqueIdentifier>{93995380-89BD-4b04-88EB-625FBE52EBFB}</UniqueIdentifier>
      <Extensions>h;hpp;hxx;hm;inl;inc;xsd</Extensions>
    </Filter>
    <Filter Include="資源檔">
      <UniqueIdentifier>{67DA6AB6-F800-4c08-8B7A-83BB121AAD01}</UniqueIdentifier>
      <Extensions>rc;ico;cur;bmp;dlg;rc2;rct;bin;rgs;gif;jpg;jpeg;jpe;resx;tiff;tif;png;wav;mfcribbon-ms</Extensions>
    </Filter>
    <Filter Include="gnuplot_script">
      <UniqueIdentifier>{b148a58e-a4b3-4eed-a523-58af9ab9619a}</UniqueIdentifier>
    </Filter>
    <Filter Include="windows_bat">
      <UniqueIdentifier>{ad887c2c-729f-4070-acc0-5f125d9fe6be}</UniqueIdentifier>
    </Filter>
    <Filter Include="conf">
      <UniqueIdentifier>{6b547e68-a9df-46d4-8482-cc1c4f494c61}</UniqueIdentifier>
    </Filter>
    <Filter Include="minini">
      <UniqueIdentifier>{09e4d20d-cbfd-47b5-8591-b91101dad60f}</UniqueIdentifier>
    </Filter>
  </ItemGroup>
  <ItemGroup>
    <None Include="ReadMe.txt" />
    <None Include="windows_bat\run.bat">
      <Filter>windows_bat</Filter>
    </None>
    <None Include="gnuplot_script\plot.data2d.txt">
      <Filter>gnuplot_script</Filter>
    </None>
    <None Include="gnuplot_script\plot.data3dm.txt">
      <Filter>gnuplot_script</Filter>
    </None>
    <None Include="conf\conf.txt">
      <Filter>conf</Filter>
    </None>
  </ItemGroup>
  <ItemGroup>
    <ClInclude Include="stdafx.h">
      <Filter>標頭檔</Filter>
    </ClInclude>
    <ClInclude Include="targetver.h">
      <Filter>標頭檔</Filter>
    </ClInclude>
    <ClInclude Include="var_def.h">
      <Filter>標頭檔</Filter>
    </ClInclude>
    <ClInclude Include="mem_func.h">
      <Filter>標頭檔</Filter>
    </ClInclude>
    <ClInclude Include="plt_figure.h">
      <Filter>標頭檔</Filter>
    </ClInclude>
    <ClInclude Include="den_to_pos.h">
      <Filter>標頭檔</Filter>
    </ClInclude>
    <ClInclude Include="debug_fun.h">
      <Filter>標頭檔</Filter>
    </ClInclude>
    <ClInclude Include="minini_12b\minGlue.h">
      <Filter>minini</Filter>
    </ClInclude>
    <ClInclude Include="minini_12b\minGlue-ccs.h">
      <Filter>minini</Filter>
    </ClInclude>
    <ClInclude Include="minini_12b\minGlue-efsl.h">
      <Filter>minini</Filter>
    </ClInclude>
    <ClInclude Include="minini_12b\minGlue-FatFs.h">
      <Filter>minini</Filter>
    </ClInclude>
    <ClInclude Include="minini_12b\minGlue-ffs.h">
      <Filter>minini</Filter>
    </ClInclude>
    <ClInclude Include="minini_12b\minGlue-mdd.h">
      <Filter>minini</Filter>
    </ClInclude>
    <ClInclude Include="minini_12b\minGlue-stdio.h">
      <Filter>minini</Filter>
    </ClInclude>
    <ClInclude Include="minini_12b\minIni.h">
      <Filter>minini</Filter>
    </ClInclude>
    <ClInclude Include="conf_util.h">
      <Filter>標頭檔</Filter>
    </ClInclude>
  </ItemGroup>
  <ItemGroup>
    <ClCompile Include="stdafx.cpp">
      <Filter>原始程式檔</Filter>
    </ClCompile>
    <ClCompile Include="lg_module.cpp">
      <Filter>原始程式檔</Filter>
    </ClCompile>
    <ClCompile Include="minini_12b\minIni.c">
      <Filter>minini</Filter>
    </ClCompile>
    <ClCompile Include="conf_util.cpp">
      <Filter>原始程式檔</Filter>
    </ClCompile>
  </ItemGroup>
</Project>